github.com/goccy/go-yaml v1.19.2 h1:PmFC1S6h8ljIz6gMRBopkjP1TVT7xuwrButHID66PoM=
github.com/goccy/go-yaml v1.19.2/go.mod h1:XBurs7gK8ATbW4ZPGKgcbrY1Br56PdM69F7LkFRi1kA=
latere.ai/x/ci-gate v0.31.3 h1:ZaA1hPI/Y5CTEKxbEuVGuSHK34yYJYjoX1ovFV5Sjew=
latere.ai/x/ci-gate v0.31.3/go.mod h1:q2A9P8rq93BL+RO/JHxpXwnTuP2pb9xFoGo5jFVxUYk=
latere.ai/x/pkg v0.60.1 h1:YR5S7IXDHxKoG3joZkVdTCmRDqQYYc4Cdv4jWIDhyCc=
latere.ai/x/pkg v0.60.1/go.mod h1:nLBu/entEtshydcnUXeDQ5tMwmjocPtbocAROR8qPqc=
